
Microsoft Visual Studio Solution File, Format Version 12.00
# Visual Studio 2012
Project("{FAE04EC0-301F-11D3-BF4B-00C04F79EFBC}") = "Project1", "Project1.csproj", "{4DF748F8-495A-4DC3-8EE0-A2D6478430A9}"
EndProject
Project("{FAE04EC0-301F-11D3-BF4B-00C04F79EFBC}") = "Stoichiometry", "..\Stoichiometry\Stoichiometry.csproj", "{A2107595-B50B-41FE-BF66-FC4D1ECCED52}"
EndProject
Global
	GlobalSection(SolutionConfigurationPlatforms) = preSolution
		Debug|Any CPU = Debug|Any CPU
		Release|Any CPU = Release|Any CPU
	EndGlobalSection
	GlobalSection(ProjectConfigurationPlatforms) = postSolution
		{4DF748F8-495A-4DC3-8EE0-A2D6478430A9}.Debug|Any CPU.ActiveCfg = Debug|Any CPU
		{4DF748F8-495A-4DC3-8EE0-A2D6478430A9}.Debug|Any CPU.Build.0 = Debug|Any CPU
		{4DF748F8-495A-4DC3-8EE0-A2D6478430A9}.Release|Any CPU.ActiveCfg = Release|Any CPU
		{4DF748F8-495A-4DC3-8EE0-A2D6478430A9}.Release|Any CPU.Build.0 = Release|Any CPU
		{A2107595-B50B-41FE-BF66-FC4D1ECCED52}.Debug|Any CPU.ActiveCfg = Debug|Any CPU
		{A2107595-B50B-41FE-BF66-FC4D1ECCED52}.Debug|Any CPU.Build.0 = Debug|Any CPU
		{A2107595-B50B-41FE-BF66-FC4D1ECCED52}.Release|Any CPU.ActiveCfg = Release|Any CPU
		{A2107595-B50B-41FE-BF66-FC4D1ECCED52}.Release|Any CPU.Build.0 = Release|Any CPU
	EndGlobalSection
	GlobalSection(SolutionProperties) = preSolution
		HideSolutionNode = FALSE
	EndGlobalSection
EndGlobal
